
Microsoft Visual Studio Solution File, Format Version 12.00
# Visual Studio Version 17
VisualStudioVersion = 17.5.33530.505
MinimumVisualStudioVersion = 10.0.40219.1
Project("{FAE04EC0-301F-11D3-BF4B-00C04F79EFBC}") = "PCInfoParser-Server-NET-Forms", "PCInfoParser-Server-NET-Forms\PCInfoParser-Server-NET-Forms.csproj", "{E816932C-B592-4863-91E3-7D2E3A53F76E}"
EndProject
Global
	GlobalSection(SolutionConfigurationPlatforms) = preSolution
		Debug|Any CPU = Debug|Any CPU
		Release|Any CPU = Release|Any CPU
	EndGlobalSection
	GlobalSection(ProjectConfigurationPlatforms) = postSolution
		{E816932C-B592-4863-91E3-7D2E3A53F76E}.Debug|Any CPU.ActiveCfg = Debug|Any CPU
		{E816932C-B592-4863-91E3-7D2E3A53F76E}.Debug|Any CPU.Build.0 = Debug|Any CPU
		{E816932C-B592-4863-91E3-7D2E3A53F76E}.Release|Any CPU.ActiveCfg = Release|Any CPU
		{E816932C-B592-4863-91E3-7D2E3A53F76E}.Release|Any CPU.Build.0 = Release|Any CPU
	EndGlobalSection
	GlobalSection(SolutionProperties) = preSolution
		HideSolutionNode = FALSE
	EndGlobalSection
	GlobalSection(ExtensibilityGlobals) = postSolution
		SolutionGuid = {BFBE423C-3782-460F-9F7B-F83D8D9F3708}
	EndGlobalSection
EndGlobal
